// !$*UTF8*$!
{
	archiveVersion = 1;
	classes = {
	};
	objectVersion = 51;
	objects = {

/* Begin PBXBuildFile section */
		1498D2341E8E89220040F4C2 /* GeneratedPluginRegistrant.m in Sources */ = {isa = PBXBuildFile; fileRef = 1498D2331E8E89220040F4C2 /* GeneratedPluginRegistrant.m */; };
		3B3967161E833CAA004F5970 /* AppFrameworkInfo.plist in Resources */ = {isa = PBXBuildFile; fileRef = 3B3967151E833CAA004F5970 /* AppFrameworkInfo.plist */; };
		440735D128C71DB4005D6DBC /* UIView+Extensions.swift in Sources */ = {isa = PBXBuildFile; fileRef = 440735D028C71DB4005D6DBC /* UIView+Extensions.swift */; };
		443E119228D9EB8C0048F2B5 /* CollectCardDataView.swift in Sources */ = {isa = PBXBuildFile; fileRef = 443E119128D9EB8B0048F2B5 /* CollectCardDataView.swift */; };
		443E119428D9EC120048F2B5 /* FlutterCardDataCollectView.swift in Sources */ = {isa = PBXBuildFile; fileRef = 443E119328D9EC120048F2B5 /* FlutterCardDataCollectView.swift */; };
		443E119628D9EC9B0048F2B5 /* FlutterCardDataCollectViewPlugin.swift in Sources */ = {isa = PBXBuildFile; fileRef = 443E119528D9EC9B0048F2B5 /* FlutterCardDataCollectViewPlugin.swift */; };
		443E119828D9ECCC0048F2B5 /* FlutterCardDataCollectViewFactory.swift in Sources */ = {isa = PBXBuildFile; fileRef = 443E119728D9ECCC0048F2B5 /* FlutterCardDataCollectViewFactory.swift */; };
		443E119C28D9F2F40048F2B5 /* ShowCardView.swift in Sources */ = {isa = PBXBuildFile; fileRef = 443E119B28D9F2F40048F2B5 /* ShowCardView.swift */; };
		443E119E28D9F50F0048F2B5 /* FlutterShowCardView.swift in Sources */ = {isa = PBXBuildFile; fileRef = 443E119D28D9F50F0048F2B5 /* FlutterShowCardView.swift */; };
		443E11A028D9FA410048F2B5 /* FlutterShowPlatformViewFactory.swift in Sources */ = {isa = PBXBuildFile; fileRef = 443E119F28D9FA410048F2B5 /* FlutterShowPlatformViewFactory.swift */; };
		443E11A228D9FA830048F2B5 /* FlutterShowViewPlugin.swift in Sources */ = {isa = PBXBuildFile; fileRef = 443E11A128D9FA830048F2B5 /* FlutterShowViewPlugin.swift */; };
		4468CB8A290FD6FD00B2AFE5 /* TokenizeCardDataCollectView.swift in Sources */ = {isa = PBXBuildFile; fileRef = 4468CB89290FD6FD00B2AFE5 /* TokenizeCardDataCollectView.swift */; };
		4468CB8C290FE3D200B2AFE5 /* FlutterTokenizeCardDataCollectView.swift in Sources */ = {isa = PBXBuildFile; fileRef = 4468CB8B290FE3D200B2AFE5 /* FlutterTokenizeCardDataCollectView.swift */; };
		4468CB8E290FE76500B2AFE5 /* FlutterTokenizeCardDataCollectViewFactory.swift in Sources */ = {isa = PBXBuildFile; fileRef = 4468CB8D290FE76500B2AFE5 /* FlutterTokenizeCardDataCollectViewFactory.swift */; };
		4468CB90290FE7BA00B2AFE5 /* FlutterTokenizeCardDataCollectViewPlugin.swift in Sources */ = {isa = PBXBuildFile; fileRef = 4468CB8F290FE7BA00B2AFE5 /* FlutterTokenizeCardDataCollectViewPlugin.swift */; };
		44D6EA3528C384EA00547183 /* CustomCardDataCollectView.swift in Sources */ = {isa = PBXBuildFile; fileRef = 44D6EA3428C384EA00547183 /* CustomCardDataCollectView.swift */; };
		44D6EA3728C3854500547183 /* FlutterCustomCardDataCollectView.swift in Sources */ = {isa = PBXBuildFile; fileRef = 44D6EA3628C3854500547183 /* FlutterCustomCardDataCollectView.swift */; };
		44D6EA3928C385E000547183 /* FlutterCustomCardDataCollectViewPlugin.swift in Sources */ = {isa = PBXBuildFile; fileRef = 44D6EA3828C385E000547183 /* FlutterCustomCardDataCollectViewPlugin.swift */; };
		44D6EA3B28C3860D00547183 /* FlutterCustomCardDataCollectViewFactory.swift in Sources */ = {isa = PBXBuildFile; fileRef = 44D6EA3A28C3860D00547183 /* FlutterCustomCardDataCollectViewFactory.swift */; };
		5F7A7545795BECB8C811D19D /* Pods_Runner.framework in Frameworks */ = {isa = PBXBuildFile; fileRef = 37DF80F25F006BD7EF317E90 /* Pods_Runner.framework */; };
		74858FAF1ED2DC5600515810 /* AppDelegate.swift in Sources */ = {isa = PBXBuildFile; fileRef = 74858FAE1ED2DC5600515810 /* AppDelegate.swift */; };
		97C146FC1CF9000F007C117D /* Main.storyboard in Resources */ = {isa = PBXBuildFile; fileRef = 97C146FA1CF9000F007C117D /* Main.storyboard */; };
		97C146FE1CF9000F007C117D /* Assets.xcassets in Resources */ = {isa = PBXBuildFile; fileRef = 97C146FD1CF9000F007C117D /* Assets.xcassets */; };
		97C147011CF9000F007C117D /* LaunchScreen.storyboard in Resources */ = {isa = PBXBuildFile; fileRef = 97C146FF1CF9000F007C117D /* LaunchScreen.storyboard */; };
/* End PBXBuildFile section */

/* Begin PBXCopyFilesBuildPhase section */
		9705A1C41CF9048500538489 /* Embed Frameworks */ = {
			isa = PBXCopyFilesBuildPhase;
			buildActionMask = 2147483647;
			dstPath = "";
			dstSubfolderSpec = 10;
			files = (
			);
			name = "Embed Frameworks";
			runOnlyForDeploymentPostprocessing = 0;
		};
/* End PBXCopyFilesBuildPhase section */

/* Begin PBXFileReference section */
		1498D2321E8E86230040F4C2 /* GeneratedPluginRegistrant.h */ = {isa = PBXFileReference; lastKnownFileType = sourcecode.c.h; path = GeneratedPluginRegistrant.h; sourceTree = "<group>"; };
		1498D2331E8E89220040F4C2 /* GeneratedPluginRegistrant.m */ = {isa = PBXFileReference; fileEncoding = 4; lastKnownFileType = sourcecode.c.objc; path = GeneratedPluginRegistrant.m; sourceTree = "<group>"; };
		37DF80F25F006BD7EF317E90 /* Pods_Runner.framework */ = {isa = PBXFileReference; explicitFileType = wrapper.framework; includeInIndex = 0; path = Pods_Runner.framework; sourceTree = BUILT_PRODUCTS_DIR; };
		3B3967151E833CAA004F5970 /* AppFrameworkInfo.plist */ = {isa = PBXFileReference; fileEncoding = 4; lastKnownFileType = text.plist.xml; name = AppFrameworkInfo.plist; path = Flutter/AppFrameworkInfo.plist; sourceTree = "<group>"; };
		440735D028C71DB4005D6DBC /* UIView+Extensions.swift */ = {isa = PBXFileReference; lastKnownFileType = sourcecode.swift; path = "UIView+Extensions.swift"; sourceTree = "<group>"; };
		443E119128D9EB8B0048F2B5 /* CollectCardDataView.swift */ = {isa = PBXFileReference; lastKnownFileType = sourcecode.swift; path = CollectCardDataView.swift; sourceTree = "<group>"; };
		443E119328D9EC120048F2B5 /* FlutterCardDataCollectView.swift */ = {isa = PBXFileReference; lastKnownFileType = sourcecode.swift; path = FlutterCardDataCollectView.swift; sourceTree = "<group>"; };
		443E119528D9EC9B0048F2B5 /* FlutterCardDataCollectViewPlugin.swift */ = {isa = PBXFileReference; lastKnownFileType = sourcecode.swift; path = FlutterCardDataCollectViewPlugin.swift; sourceTree = "<group>"; };
		443E119728D9ECCC0048F2B5 /* FlutterCardDataCollectViewFactory.swift */ = {isa = PBXFileReference; lastKnownFileType = sourcecode.swift; path = FlutterCardDataCollectViewFactory.swift; sourceTree = "<group>"; };
		443E119B28D9F2F40048F2B5 /* ShowCardView.swift */ = {isa = PBXFileReference; lastKnownFileType = sourcecode.swift; path = ShowCardView.swift; sourceTree = "<group>"; };
		443E119D28D9F50F0048F2B5 /* FlutterShowCardView.swift */ = {isa = PBXFileReference; lastKnownFileType = sourcecode.swift; path = FlutterShowCardView.swift; sourceTree = "<group>"; };
		443E119F28D9FA410048F2B5 /* FlutterShowPlatformViewFactory.swift */ = {isa = PBXFileReference; lastKnownFileType = sourcecode.swift; path = FlutterShowPlatformViewFactory.swift; sourceTree = "<group>"; };
		443E11A128D9FA830048F2B5 /* FlutterShowViewPlugin.swift */ = {isa = PBXFileReference; lastKnownFileType = sourcecode.swift; path = FlutterShowViewPlugin.swift; sourceTree = "<group>"; };
		4468CB89290FD6FD00B2AFE5 /* TokenizeCardDataCollectView.swift */ = {isa = PBXFileReference; lastKnownFileType = sourcecode.swift; path = TokenizeCardDataCollectView.swift; sourceTree = "<group>"; };
		4468CB8B290FE3D200B2AFE5 /* FlutterTokenizeCardDataCollectView.swift */ = {isa = PBXFileReference; lastKnownFileType = sourcecode.swift; path = FlutterTokenizeCardDataCollectView.swift; sourceTree = "<group>"; };
		4468CB8D290FE76500B2AFE5 /* FlutterTokenizeCardDataCollectViewFactory.swift */ = {isa = PBXFileReference; lastKnownFileType = sourcecode.swift; path = FlutterTokenizeCardDataCollectViewFactory.swift; sourceTree = "<group>"; };
		4468CB8F290FE7BA00B2AFE5 /* FlutterTokenizeCardDataCollectViewPlugin.swift */ = {isa = PBXFileReference; lastKnownFileType = sourcecode.swift; path = FlutterTokenizeCardDataCollectViewPlugin.swift; sourceTree = "<group>"; };
		44D6EA3428C384EA00547183 /* CustomCardDataCollectView.swift */ = {isa = PBXFileReference; lastKnownFileType = sourcecode.swift; path = CustomCardDataCollectView.swift; sourceTree = "<group>"; };
		44D6EA3628C3854500547183 /* FlutterCustomCardDataCollectView.swift */ = {isa = PBXFileReference; lastKnownFileType = sourcecode.swift; path = FlutterCustomCardDataCollectView.swift; sourceTree = "<group>"; };
		44D6EA3828C385E000547183 /* FlutterCustomCardDataCollectViewPlugin.swift */ = {isa = PBXFileReference; lastKnownFileType = sourcecode.swift; path = FlutterCustomCardDataCollectViewPlugin.swift; sourceTree = "<group>"; };
		44D6EA3A28C3860D00547183 /* FlutterCustomCardDataCollectViewFactory.swift */ = {isa = PBXFileReference; lastKnownFileType = sourcecode.swift; path = FlutterCustomCardDataCollectViewFactory.swift; sourceTree = "<group>"; };
		47B5153D8614E444B750A58E /* Pods-Runner.release.xcconfig */ = {isa = PBXFileReference; includeInIndex = 1; lastKnownFileType = text.xcconfig; name = "Pods-Runner.release.xcconfig"; path = "Target Support Files/Pods-Runner/Pods-Runner.release.xcconfig"; sourceTree = "<group>"; };
		74858FAD1ED2DC5600515810 /* Runner-Bridging-Header.h */ = {isa = PBXFileReference; lastKnownFileType = sourcecode.c.h; path = "Runner-Bridging-Header.h"; sourceTree = "<group>"; };
		74858FAE1ED2DC5600515810 /* AppDelegate.swift */ = {isa = PBXFileReference; fileEncoding = 4; lastKnownFileType = sourcecode.swift; path = AppDelegate.swift; sourceTree = "<group>"; };
		7AFA3C8E1D35360C0083082E /* Release.xcconfig */ = {isa = PBXFileReference; lastKnownFileType = text.xcconfig; name = Release.xcconfig; path = Flutter/Release.xcconfig; sourceTree = "<group>"; };
		9740EEB21CF90195004384FC /* Debug.xcconfig */ = {isa = PBXFileReference; fileEncoding = 4; lastKnownFileType = text.xcconfig; name = Debug.xcconfig; path = Flutter/Debug.xcconfig; sourceTree = "<group>"; };
		9740EEB31CF90195004384FC /* Generated.xcconfig */ = {isa = PBXFileReference; fileEncoding = 4; lastKnownFileType = text.xcconfig; name = Generated.xcconfig; path = Flutter/Generated.xcconfig; sourceTree = "<group>"; };
		97C146EE1CF9000F007C117D /* Runner.app */ = {isa = PBXFileReference; explicitFileType = wrapper.application; includeInIndex = 0; path = Runner.app; sourceTree = BUILT_PRODUCTS_DIR; };
		97C146FB1CF9000F007C117D /* Base */ = {isa = PBXFileReference; lastKnownFileType = file.storyboard; name = Base; path = Base.lproj/Main.storyboard; sourceTree = "<group>"; };
		97C146FD1CF9000F007C117D /* Assets.xcassets */ = {isa = PBXFileReference; lastKnownFileType = folder.assetcatalog; path = Assets.xcassets; sourceTree = "<group>"; };
		97C147001CF9000F007C117D /* Base */ = {isa = PBXFileReference; lastKnownFileType = file.storyboard; name = Base; path = Base.lproj/LaunchScreen.storyboard; sourceTree = "<group>"; };
		97C147021CF9000F007C117D /* Info.plist */ = {isa = PBXFileReference; lastKnownFileType = text.plist.xml; path = Info.plist; sourceTree = "<group>"; };
		D1C9792E83ED74B12FE2F5D5 /* Pods-Runner.profile.xcconfig */ = {isa = PBXFileReference; includeInIndex = 1; lastKnownFileType = text.xcconfig; name = "Pods-Runner.profile.xcconfig"; path = "Target Support Files/Pods-Runner/Pods-Runner.profile.xcconfig"; sourceTree = "<group>"; };
		EBA07020ED879CDD8008CBA8 /* Pods-Runner.debug.xcconfig */ = {isa = PBXFileReference; includeInIndex = 1; lastKnownFileType = text.xcconfig; name = "Pods-Runner.debug.xcconfig"; path = "Target Support Files/Pods-Runner/Pods-Runner.debug.xcconfig"; sourceTree = "<group>"; };
/* End PBXFileReference section */

/* Begin PBXFrameworksBuildPhase section */
		97C146EB1CF9000F007C117D /* Frameworks */ = {
			isa = PBXFrameworksBuildPhase;
			buildActionMask = 2147483647;
			files = (
				5F7A7545795BECB8C811D19D /* Pods_Runner.framework in Frameworks */,
			);
			runOnlyForDeploymentPostprocessing = 0;
		};
/* End PBXFrameworksBuildPhase section */

/* Begin PBXGroup section */
		1BB17E7ACD79AA754A1528B1 /* Frameworks */ = {
			isa = PBXGroup;
			children = (
				37DF80F25F006BD7EF317E90 /* Pods_Runner.framework */,
			);
			name = Frameworks;
			sourceTree = "<group>";
		};
		440735CD28C71D92005D6DBC /* Extensions */ = {
			isa = PBXGroup;
			children = (
				440735CE28C71D98005D6DBC /* UIKit+Extensions */,
			);
			path = Extensions;
			sourceTree = "<group>";
		};
		440735CE28C71D98005D6DBC /* UIKit+Extensions */ = {
			isa = PBXGroup;
			children = (
				440735CF28C71DA1005D6DBC /* UIView */,
			);
			path = "UIKit+Extensions";
			sourceTree = "<group>";
		};
		440735CF28C71DA1005D6DBC /* UIView */ = {
			isa = PBXGroup;
			children = (
				440735D028C71DB4005D6DBC /* UIView+Extensions.swift */,
			);
			path = UIView;
			sourceTree = "<group>";
		};
		4433F09428D05CB200355BC5 /* UseCases */ = {
			isa = PBXGroup;
			children = (
				4468CB87290FD6CD00B2AFE5 /* CollectCardTokenization */,
				443E119028D9EB660048F2B5 /* CollectShowData */,
				4433F09528D05CB900355BC5 /* CustomCardData */,
			);
			path = UseCases;
			sourceTree = "<group>";
		};
		4433F09528D05CB900355BC5 /* CustomCardData */ = {
			isa = PBXGroup;
			children = (
				44D6EA3328C384D900547183 /* CollectView */,
			);
			path = CustomCardData;
			sourceTree = "<group>";
		};
		443E119028D9EB660048F2B5 /* CollectShowData */ = {
			isa = PBXGroup;
			children = (
				443E119A28D9F2D80048F2B5 /* CollectCardData */,
				443E119928D9F2CF0048F2B5 /* ShowCardData */,
			);
			path = CollectShowData;
			sourceTree = "<group>";
		};
		443E119928D9F2CF0048F2B5 /* ShowCardData */ = {
			isa = PBXGroup;
			children = (
				443E119B28D9F2F40048F2B5 /* ShowCardView.swift */,
				443E119D28D9F50F0048F2B5 /* FlutterShowCardView.swift */,
				443E119F28D9FA410048F2B5 /* FlutterShowPlatformViewFactory.swift */,
				443E11A128D9FA830048F2B5 /* FlutterShowViewPlugin.swift */,
			);
			path = ShowCardData;
			sourceTree = "<group>";
		};
		443E119A28D9F2D80048F2B5 /* CollectCardData */ = {
			isa = PBXGroup;
			children = (
				443E119128D9EB8B0048F2B5 /* CollectCardDataView.swift */,
				443E119328D9EC120048F2B5 /* FlutterCardDataCollectView.swift */,
				443E119528D9EC9B0048F2B5 /* FlutterCardDataCollectViewPlugin.swift */,
				443E119728D9ECCC0048F2B5 /* FlutterCardDataCollectViewFactory.swift */,
			);
			path = CollectCardData;
			sourceTree = "<group>";
		};
		4468CB87290FD6CD00B2AFE5 /* CollectCardTokenization */ = {
			isa = PBXGroup;
			children = (
				4468CB88290FD6E600B2AFE5 /* CollectView */,
			);
			path = CollectCardTokenization;
			sourceTree = "<group>";
		};
		4468CB88290FD6E600B2AFE5 /* CollectView */ = {
			isa = PBXGroup;
			children = (
				4468CB89290FD6FD00B2AFE5 /* TokenizeCardDataCollectView.swift */,
				4468CB8B290FE3D200B2AFE5 /* FlutterTokenizeCardDataCollectView.swift */,
				4468CB8D290FE76500B2AFE5 /* FlutterTokenizeCardDataCollectViewFactory.swift */,
				4468CB8F290FE7BA00B2AFE5 /* FlutterTokenizeCardDataCollectViewPlugin.swift */,
			);
			path = CollectView;
			sourceTree = "<group>";
		};
		44D6EA3328C384D900547183 /* CollectView */ = {
			isa = PBXGroup;
			children = (
				44D6EA3428C384EA00547183 /* CustomCardDataCollectView.swift */,
				44D6EA3628C3854500547183 /* FlutterCustomCardDataCollectView.swift */,
				44D6EA3828C385E000547183 /* FlutterCustomCardDataCollectViewPlugin.swift */,
				44D6EA3A28C3860D00547183 /* FlutterCustomCardDataCollectViewFactory.swift */,
			);
			path = CollectView;
			sourceTree = "<group>";
		};
		6CA469A7CA1DA4D4ACE1F52C /* Pods */ = {
			isa = PBXGroup;
			children = (
				EBA07020ED879CDD8008CBA8 /* Pods-Runner.debug.xcconfig */,
				47B5153D8614E444B750A58E /* Pods-Runner.release.xcconfig */,
				D1C9792E83ED74B12FE2F5D5 /* Pods-Runner.profile.xcconfig */,
			);
			path = Pods;
			sourceTree = "<group>";
		};
		9740EEB11CF90186004384FC /* Flutter */ = {
			isa = PBXGroup;
			children = (
				3B3967151E833CAA004F5970 /* AppFrameworkInfo.plist */,
				9740EEB21CF90195004384FC /* Debug.xcconfig */,
				7AFA3C8E1D35360C0083082E /* Release.xcconfig */,
				9740EEB31CF90195004384FC /* Generated.xcconfig */,
			);
			name = Flutter;
			sourceTree = "<group>";
		};
		97C146E51CF9000F007C117D = {
			isa = PBXGroup;
			children = (
				9740EEB11CF90186004384FC /* Flutter */,
				97C146F01CF9000F007C117D /* Runner */,
				97C146EF1CF9000F007C117D /* Products */,
				6CA469A7CA1DA4D4ACE1F52C /* Pods */,
				1BB17E7ACD79AA754A1528B1 /* Frameworks */,
			);
			sourceTree = "<group>";
		};
		97C146EF1CF9000F007C117D /* Products */ = {
			isa = PBXGroup;
			children = (
				97C146EE1CF9000F007C117D /* Runner.app */,
			);
			name = Products;
			sourceTree = "<group>";
		};
		97C146F01CF9000F007C117D /* Runner */ = {
			isa = PBXGroup;
			children = (
				4433F09428D05CB200355BC5 /* UseCases */,
				440735CD28C71D92005D6DBC /* Extensions */,
				97C146FA1CF9000F007C117D /* Main.storyboard */,
				97C146FD1CF9000F007C117D /* Assets.xcassets */,
				97C146FF1CF9000F007C117D /* LaunchScreen.storyboard */,
				97C147021CF9000F007C117D /* Info.plist */,
				1498D2321E8E86230040F4C2 /* GeneratedPluginRegistrant.h */,
				1498D2331E8E89220040F4C2 /* GeneratedPluginRegistrant.m */,
				74858FAE1ED2DC5600515810 /* AppDelegate.swift */,
				74858FAD1ED2DC5600515810 /* Runner-Bridging-Header.h */,
			);
			path = Runner;
			sourceTree = "<group>";
		};
/* End PBXGroup section */

/* Begin PBXNativeTarget section */
		97C146ED1CF9000F007C117D /* Runner */ = {
			isa = PBXNativeTarget;
			buildConfigurationList = 97C147051CF9000F007C117D /* Build configuration list for PBXNativeTarget "Runner" */;
			buildPhases = (
				A9541703F34FD65588D3A2E6 /* [CP] Check Pods Manifest.lock */,
				9740EEB61CF901F6004384FC /* Run Script */,
				97C146EA1CF9000F007C117D /* Sources */,
				97C146EB1CF9000F007C117D /* Frameworks */,
				97C146EC1CF9000F007C117D /* Resources */,
				9705A1C41CF9048500538489 /* Embed Frameworks */,
				3B06AD1E1E4923F5004D2608 /* Thin Binary */,
				AF3052B84DEDCBA151AD4C99 /* [CP] Embed Pods Frameworks */,
			);
			buildRules = (
			);
			dependencies = (
			);
			name = Runner;
			productName = Runner;
			productReference = 97C146EE1CF9000F007C117D /* Runner.app */;
			productType = "com.apple.product-type.application";
		};
/* End PBXNativeTarget section */

/* Begin PBXProject section */
		97C146E61CF9000F007C117D /* Project object */ = {
			isa = PBXProject;
			attributes = {
				LastUpgradeCheck = 1300;
				ORGANIZATIONNAME = "";
				TargetAttributes = {
					97C146ED1CF9000F007C117D = {
						CreatedOnToolsVersion = 7.3.1;
						LastSwiftMigration = 1100;
					};
				};
			};
			buildConfigurationList = 97C146E91CF9000F007C117D /* Build configuration list for PBXProject "Runner" */;
			compatibilityVersion = "Xcode 9.3";
			developmentRegion = en;
			hasScannedForEncodings = 0;
			knownRegions = (
				en,
				Base,
			);
			mainGroup = 97C146E51CF9000F007C117D;
			productRefGroup = 97C146EF1CF9000F007C117D /* Products */;
			projectDirPath = "";
			projectRoot = "";
			targets = (
				97C146ED1CF9000F007C117D /* Runner */,
			);
		};
/* End PBXProject section */

/* Begin PBXResourcesBuildPhase section */
		97C146EC1CF9000F007C117D /* Resources */ = {
			isa = PBXResourcesBuildPhase;
			buildActionMask = 2147483647;
			files = (
				97C147011CF9000F007C117D /* LaunchScreen.storyboard in Resources */,
				3B3967161E833CAA004F5970 /* AppFrameworkInfo.plist in Resources */,
				97C146FE1CF9000F007C117D /* Assets.xcassets in Resources */,
				97C146FC1CF9000F007C117D /* Main.storyboard in Resources */,
			);
			runOnlyForDeploymentPostprocessing = 0;
		};
/* End PBXResourcesBuildPhase section */

/* Begin PBXShellScriptBuildPhase section */
		3B06AD1E1E4923F5004D2608 /* Thin Binary */ = {
			isa = PBXShellScriptBuildPhase;
			buildActionMask = 2147483647;
			files = (
			);
			inputPaths = (
			);
			name = "Thin Binary";
			outputPaths = (
			);
			runOnlyForDeploymentPostprocessing = 0;
			shellPath = /bin/sh;
			shellScript = "/bin/sh \"$FLUTTER_ROOT/packages/flutter_tools/bin/xcode_backend.sh\" embed_and_thin";
		};
		9740EEB61CF901F6004384FC /* Run Script */ = {
			isa = PBXShellScriptBuildPhase;
			buildActionMask = 2147483647;
			files = (
			);
			inputPaths = (
			);
			name = "Run Script";
			outputPaths = (
			);
			runOnlyForDeploymentPostprocessing = 0;
			shellPath = /bin/sh;
			shellScript = "/bin/sh \"$FLUTTER_ROOT/packages/flutter_tools/bin/xcode_backend.sh\" build";
		};
		A9541703F34FD65588D3A2E6 /* [CP] Check Pods Manifest.lock */ = {
			isa = PBXShellScriptBuildPhase;
			buildActionMask = 2147483647;
			files = (
			);
			inputFileListPaths = (
			);
			inputPaths = (
				"${PODS_PODFILE_DIR_PATH}/Podfile.lock",
				"${PODS_ROOT}/Manifest.lock",
			);
			name = "[CP] Check Pods Manifest.lock";
			outputFileListPaths = (
			);
			outputPaths = (
				"$(DERIVED_FILE_DIR)/Pods-Runner-checkManifestLockResult.txt",
			);
			runOnlyForDeploymentPostprocessing = 0;
			shellPath = /bin/sh;
			shellScript = "diff \"${PODS_PODFILE_DIR_PATH}/Podfile.lock\" \"${PODS_ROOT}/Manifest.lock\" > /dev/null\nif [ $? != 0 ] ; then\n    # print error to STDERR\n    echo \"error: The sandbox is not in sync with the Podfile.lock. Run 'pod install' or update your CocoaPods installation.\" >&2\n    exit 1\nfi\n# This output is used by Xcode 'outputs' to avoid re-running this script phase.\necho \"SUCCESS\" > \"${SCRIPT_OUTPUT_FILE_0}\"\n";
			showEnvVarsInLog = 0;
		};
		AF3052B84DEDCBA151AD4C99 /* [CP] Embed Pods Frameworks */ = {
			isa = PBXShellScriptBuildPhase;
			buildActionMask = 2147483647;
			files = (
			);
			inputFileListPaths = (
				"${PODS_ROOT}/Target Support Files/Pods-Runner/Pods-Runner-frameworks-${CONFIGURATION}-input-files.xcfilelist",
			);
			name = "[CP] Embed Pods Frameworks";
			outputFileListPaths = (
				"${PODS_ROOT}/Target Support Files/Pods-Runner/Pods-Runner-frameworks-${CONFIGURATION}-output-files.xcfilelist",
			);
			runOnlyForDeploymentPostprocessing = 0;
			shellPath = /bin/sh;
			shellScript = "\"${PODS_ROOT}/Target Support Files/Pods-Runner/Pods-Runner-frameworks.sh\"\n";
			showEnvVarsInLog = 0;
		};
/* End PBXShellScriptBuildPhase section */

/* Begin PBXSourcesBuildPhase section */
		97C146EA1CF9000F007C117D /* Sources */ = {
			isa = PBXSourcesBuildPhase;
			buildActionMask = 2147483647;
			files = (
				440735D128C71DB4005D6DBC /* UIView+Extensions.swift in Sources */,
				443E119628D9EC9B0048F2B5 /* FlutterCardDataCollectViewPlugin.swift in Sources */,
				443E119228D9EB8C0048F2B5 /* CollectCardDataView.swift in Sources */,
				443E119828D9ECCC0048F2B5 /* FlutterCardDataCollectViewFactory.swift in Sources */,
				74858FAF1ED2DC5600515810 /* AppDelegate.swift in Sources */,
				44D6EA3928C385E000547183 /* FlutterCustomCardDataCollectViewPlugin.swift in Sources */,
				1498D2341E8E89220040F4C2 /* GeneratedPluginRegistrant.m in Sources */,
				44D6EA3728C3854500547183 /* FlutterCustomCardDataCollectView.swift in Sources */,
				44D6EA3528C384EA00547183 /* CustomCardDataCollectView.swift in Sources */,
				443E11A228D9FA830048F2B5 /* FlutterShowViewPlugin.swift in Sources */,
				4468CB8E290FE76500B2AFE5 /* FlutterTokenizeCardDataCollectViewFactory.swift in Sources */,
				4468CB90290FE7BA00B2AFE5 /* FlutterTokenizeCardDataCollectViewPlugin.swift in Sources */,
				443E119E28D9F50F0048F2B5 /* FlutterShowCardView.swift in Sources */,
				4468CB8C290FE3D200B2AFE5 /* FlutterTokenizeCardDataCollectView.swift in Sources */,
				44D6EA3B28C3860D00547183 /* FlutterCustomCardDataCollectViewFactory.swift in Sources */,
				443E119428D9EC120048F2B5 /* FlutterCardDataCollectView.swift in Sources */,
				443E119C28D9F2F40048F2B5 /* ShowCardView.swift in Sources */,
				4468CB8A290FD6FD00B2AFE5 /* TokenizeCardDataCollectView.swift in Sources */,
				443E11A028D9FA410048F2B5 /* FlutterShowPlatformViewFactory.swift in Sources */,
			);
			runOnlyForDeploymentPostprocessing = 0;
		};
/* End PBXSourcesBuildPhase section */

/* Begin PBXVariantGroup section */
		97C146FA1CF9000F007C117D /* Main.storyboard */ = {
			isa = PBXVariantGroup;
			children = (
				97C146FB1CF9000F007C117D /* Base */,
			);
			name = Main.storyboard;
			sourceTree = "<group>";
		};
		97C146FF1CF9000F007C117D /* LaunchScreen.storyboard */ = {
			isa = PBXVariantGroup;
			children = (
				97C147001CF9000F007C117D /* Base */,
			);
			name = LaunchScreen.storyboard;
			sourceTree = "<group>";
		};
/* End PBXVariantGroup section */

/* Begin XCBuildConfiguration section */
		249021D3217E4FDB00AE95B9 /* Profile */ = {
			isa = XCBuildConfiguration;
			buildSettings = {
				ALWAYS_SEARCH_USER_PATHS = NO;
				CLANG_ANALYZER_NONNULL = YES;
				CLANG_CXX_LANGUAGE_STANDARD = "gnu++0x";
				CLANG_CXX_LIBRARY = "libc++";
				CLANG_ENABLE_MODULES = YES;
				CLANG_ENABLE_OBJC_ARC = YES;
				CLANG_WARN_BLOCK_CAPTURE_AUTORELEASING = YES;
				CLANG_WARN_BOOL_CONVERSION = YES;
				CLANG_WARN_COMMA = YES;
				CLANG_WARN_CONSTANT_CONVERSION = YES;
				CLANG_WARN_DEPRECATED_OBJC_IMPLEMENTATIONS = YES;
				CLANG_WARN_DIRECT_OBJC_ISA_USAGE = YES_ERROR;
				CLANG_WARN_EMPTY_BODY = YES;
				CLANG_WARN_ENUM_CONVERSION = YES;
				CLANG_WARN_INFINITE_RECURSION = YES;
				CLANG_WARN_INT_CONVERSION = YES;
				CLANG_WARN_NON_LITERAL_NULL_CONVERSION = YES;
				CLANG_WARN_OBJC_IMPLICIT_RETAIN_SELF = YES;
				CLANG_WARN_OBJC_LITERAL_CONVERSION = YES;
				CLANG_WARN_OBJC_ROOT_CLASS = YES_ERROR;
				CLANG_WARN_RANGE_LOOP_ANALYSIS = YES;
				CLANG_WARN_STRICT_PROTOTYPES = YES;
				CLANG_WARN_SUSPICIOUS_MOVE = YES;
				CLANG_WARN_UNREACHABLE_CODE = YES;
				CLANG_WARN__DUPLICATE_METHOD_MATCH = YES;
				"CODE_SIGN_IDENTITY[sdk=iphoneos*]" = "iPhone Developer";
				COPY_PHASE_STRIP = NO;
				DEBUG_INFORMATION_FORMAT = "dwarf-with-dsym";
				ENABLE_NS_ASSERTIONS = NO;
				ENABLE_STRICT_OBJC_MSGSEND = YES;
				GCC_C_LANGUAGE_STANDARD = gnu99;
				GCC_NO_COMMON_BLOCKS = YES;
				GCC_WARN_64_TO_32_BIT_CONVERSION = YES;
				GCC_WARN_ABOUT_RETURN_TYPE = YES_ERROR;
				GCC_WARN_UNDECLARED_SELECTOR = YES;
				GCC_WARN_UNINITIALIZED_AUTOS = YES_AGGRESSIVE;
				GCC_WARN_UNUSED_FUNCTION = YES;
				GCC_WARN_UNUSED_VARIABLE = YES;
				IPHONEOS_DEPLOYMENT_TARGET = 11.0;
				MTL_ENABLE_DEBUG_INFO = NO;
				SDKROOT = iphoneos;
				SUPPORTED_PLATFORMS = iphoneos;
				TARGETED_DEVICE_FAMILY = "1,2";
				VALIDATE_PRODUCT = YES;
			};
			name = Profile;
		};
		249021D4217E4FDB00AE95B9 /* Profile */ = {
			isa = XCBuildConfiguration;
			baseConfigurationReference = 7AFA3C8E1D35360C0083082E /* Release.xcconfig */;
			buildSettings = {
				ASSETCATALOG_COMPILER_APPICON_NAME = AppIcon;
				CLANG_ENABLE_MODULES = YES;
				CURRENT_PROJECT_VERSION = "$(FLUTTER_BUILD_NUMBER)";
				DEVELOPMENT_TEAM = 4445Y664U5;
				ENABLE_BITCODE = NO;
				INFOPLIST_FILE = Runner/Info.plist;
				IPHONEOS_DEPLOYMENT_TARGET = 11.0;
				LD_RUNPATH_SEARCH_PATHS = (
					"$(inherited)",
					"@executable_path/Frameworks",
				);
				PRODUCT_BUNDLE_IDENTIFIER = com.example.vgsCollectFlutterDemo;
				PRODUCT_NAME = "$(TARGET_NAME)";
				SWIFT_OBJC_BRIDGING_HEADER = "Runner/Runner-Bridging-Header.h";
				SWIFT_VERSION = 5.0;
				VERSIONING_SYSTEM = "apple-generic";
			};
			name = Profile;
		};
		97C147031CF9000F007C117D /* Debug */ = {
			isa = XCBuildConfiguration;
			buildSettings = {
				ALWAYS_SEARCH_USER_PATHS = NO;
				CLANG_ANALYZER_NONNULL = YES;
				CLANG_CXX_LANGUAGE_STANDARD = "gnu++0x";
				CLANG_CXX_LIBRARY = "libc++";
				CLANG_ENABLE_MODULES = YES;
				CLANG_ENABLE_OBJC_ARC = YES;
				CLANG_WARN_BLOCK_CAPTURE_AUTORELEASING = YES;
				CLANG_WARN_BOOL_CONVERSION = YES;
				CLANG_WARN_COMMA = YES;
				CLANG_WARN_CONSTANT_CONVERSION = YES;
				CLANG_WARN_DEPRECATED_OBJC_IMPLEMENTATIONS = YES;
				CLANG_WARN_DIRECT_OBJC_ISA_USAGE = YES_ERROR;
				CLANG_WARN_EMPTY_BODY = YES;
				CLANG_WARN_ENUM_CONVERSION = YES;
				CLANG_WARN_INFINITE_RECURSION = YES;
				CLANG_WARN_INT_CONVERSION = YES;
				CLANG_WARN_NON_LITERAL_NULL_CONVERSION = YES;
				CLANG_WARN_OBJC_IMPLICIT_RETAIN_SELF = YES;
				CLANG_WARN_OBJC_LITERAL_CONVERSION = YES;
				CLANG_WARN_OBJC_ROOT_CLASS = YES_ERROR;
				CLANG_WARN_RANGE_LOOP_ANALYSIS = YES;
				CLANG_WARN_STRICT_PROTOTYPES = YES;
				CLANG_WARN_SUSPICIOUS_MOVE = YES;
				CLANG_WARN_UNREACHABLE_CODE = YES;
				CLANG_WARN__DUPLICATE_METHOD_MATCH = YES;
				"CODE_SIGN_IDENTITY[sdk=iphoneos*]" = "iPhone Developer";
				COPY_PHASE_STRIP = NO;
				DEBUG_INFORMATION_FORMAT = dwarf;
				ENABLE_STRICT_OBJC_MSGSEND = YES;
				ENABLE_TESTABILITY = YES;
				GCC_C_LANGUAGE_STANDARD = gnu99;
				GCC_DYNAMIC_NO_PIC = NO;
				GCC_NO_COMMON_BLOCKS = YES;
				GCC_OPTIMIZATION_LEVEL = 0;
				GCC_PREPROCESSOR_DEFINITIONS = (
					"DEBUG=1",
					"$(inherited)",
				);
				GCC_WARN_64_TO_32_BIT_CONVERSION = YES;
				GCC_WARN_ABOUT_RETURN_TYPE = YES_ERROR;
				GCC_WARN_UNDECLARED_SELECTOR = YES;
				GCC_WARN_UNINITIALIZED_AUTOS = YES_AGGRESSIVE;
				GCC_WARN_UNUSED_FUNCTION = YES;
				GCC_WARN_UNUSED_VARIABLE = YES;
				IPHONEOS_DEPLOYMENT_TARGET = 11.0;
				MTL_ENABLE_DEBUG_INFO = YES;
				ONLY_ACTIVE_ARCH = YES;
				SDKROOT = iphoneos;
				TARGETED_DEVICE_FAMILY = "1,2";
			};
			name = Debug;
		};
		97C147041CF9000F007C117D /* Release */ = {
			isa = XCBuildConfiguration;
			buildSettings = {
				ALWAYS_SEARCH_USER_PATHS = NO;
				CLANG_ANALYZER_NONNULL = YES;
				CLANG_CXX_LANGUAGE_STANDARD = "gnu++0x";
				CLANG_CXX_LIBRARY = "libc++";
				CLANG_ENABLE_MODULES = YES;
				CLANG_ENABLE_OBJC_ARC = YES;
				CLANG_WARN_BLOCK_CAPTURE_AUTORELEASING = YES;
				CLANG_WARN_BOOL_CONVERSION = YES;
				CLANG_WARN_COMMA = YES;
				CLANG_WARN_CONSTANT_CONVERSION = YES;
				CLANG_WARN_DEPRECATED_OBJC_IMPLEMENTATIONS = YES;
				CLANG_WARN_DIRECT_OBJC_ISA_USAGE = YES_ERROR;
				CLANG_WARN_EMPTY_BODY = YES;
				CLANG_WARN_ENUM_CONVERSION = YES;
				CLANG_WARN_INFINITE_RECURSION = YES;
				CLANG_WARN_INT_CONVERSION = YES;
				CLANG_WARN_NON_LITERAL_NULL_CONVERSION = YES;
				CLANG_WARN_OBJC_IMPLICIT_RETAIN_SELF = YES;
				CLANG_WARN_OBJC_LITERAL_CONVERSION = YES;
				CLANG_WARN_OBJC_ROOT_CLASS = YES_ERROR;
				CLANG_WARN_RANGE_LOOP_ANALYSIS = YES;
				CLANG_WARN_STRICT_PROTOTYPES = YES;
				CLANG_WARN_SUSPICIOUS_MOVE = YES;
				CLANG_WARN_UNREACHABLE_CODE = YES;
				CLANG_WARN__DUPLICATE_METHOD_MATCH = YES;
				"CODE_SIGN_IDENTITY[sdk=iphoneos*]" = "iPhone Developer";
				COPY_PHASE_STRIP = NO;
				DEBUG_INFORMATION_FORMAT = "dwarf-with-dsym";
				ENABLE_NS_ASSERTIONS = NO;
				ENABLE_STRICT_OBJC_MSGSEND = YES;
				GCC_C_LANGUAGE_STANDARD = gnu99;
				GCC_NO_COMMON_BLOCKS = YES;
				GCC_WARN_64_TO_32_BIT_CONVERSION = YES;
				GCC_WARN_ABOUT_RETURN_TYPE = YES_ERROR;
				GCC_WARN_UNDECLARED_SELECTOR = YES;
				GCC_WARN_UNINITIALIZED_AUTOS = YES_AGGRESSIVE;
				GCC_WARN_UNUSED_FUNCTION = YES;
				GCC_WARN_UNUSED_VARIABLE = YES;
				IPHONEOS_DEPLOYMENT_TARGET = 11.0;
				MTL_ENABLE_DEBUG_INFO = NO;
				SDKROOT = iphoneos;
				SUPPORTED_PLATFORMS = iphoneos;
				SWIFT_COMPILATION_MODE = wholemodule;
				SWIFT_OPTIMIZATION_LEVEL = "-O";
				TARGETED_DEVICE_FAMILY = "1,2";
				VALIDATE_PRODUCT = YES;
			};
			name = Release;
		};
		97C147061CF9000F007C117D /* Debug */ = {
			isa = XCBuildConfiguration;
			baseConfigurationReference = 9740EEB21CF90195004384FC /* Debug.xcconfig */;
			buildSettings = {
				ASSETCATALOG_COMPILER_APPICON_NAME = AppIcon;
				CLANG_ENABLE_MODULES = YES;
				CURRENT_PROJECT_VERSION = "$(FLUTTER_BUILD_NUMBER)";
				DEVELOPMENT_TEAM = 4445Y664U5;
				ENABLE_BITCODE = NO;
				INFOPLIST_FILE = Runner/Info.plist;
				IPHONEOS_DEPLOYMENT_TARGET = 11.0;
				LD_RUNPATH_SEARCH_PATHS = (
					"$(inherited)",
					"@executable_path/Frameworks",
				);
				PRODUCT_BUNDLE_IDENTIFIER = com.example.vgsCollectFlutterDemo;
				PRODUCT_NAME = "$(TARGET_NAME)";
				SWIFT_OBJC_BRIDGING_HEADER = "Runner/Runner-Bridging-Header.h";
				SWIFT_OPTIMIZATION_LEVEL = "-Onone";
				SWIFT_VERSION = 5.0;
				VERSIONING_SYSTEM = "apple-generic";
			};
			name = Debug;
		};
		97C147071CF9000F007C117D /* Release */ = {
			isa = XCBuildConfiguration;
			baseConfigurationReference = 7AFA3C8E1D35360C0083082E /* Release.xcconfig */;
			buildSettings = {
				ASSETCATALOG_COMPILER_APPICON_NAME = AppIcon;
				CLANG_ENABLE_MODULES = YES;
				CURRENT_PROJECT_VERSION = "$(FLUTTER_BUILD_NUMBER)";
				DEVELOPMENT_TEAM = 4445Y664U5;
				ENABLE_BITCODE = NO;
				INFOPLIST_FILE = Runner/Info.plist;
				IPHONEOS_DEPLOYMENT_TARGET = 11.0;
				LD_RUNPATH_SEARCH_PATHS = (
					"$(inherited)",
					"@executable_path/Frameworks",
				);
				PRODUCT_BUNDLE_IDENTIFIER = com.example.vgsCollectFlutterDemo;
				PRODUCT_NAME = "$(TARGET_NAME)";
				SWIFT_OBJC_BRIDGING_HEADER = "Runner/Runner-Bridging-Header.h";
				SWIFT_VERSION = 5.0;
				VERSIONING_SYSTEM = "apple-generic";
			};
			name = Release;
		};
/* End XCBuildConfiguration section */

/* Begin XCConfigurationList section */
		97C146E91CF9000F007C117D /* Build configuration list for PBXProject "Runner" */ = {
			isa = XCConfigurationList;
			buildConfigurations = (
				97C147031CF9000F007C117D /* Debug */,
				97C147041CF9000F007C117D /* Release */,
				249021D3217E4FDB00AE95B9 /* Profile */,
			);
			defaultConfigurationIsVisible = 0;
			defaultConfigurationName = Release;
		};
		97C147051CF9000F007C117D /* Build configuration list for PBXNativeTarget "Runner" */ = {
			isa = XCConfigurationList;
			buildConfigurations = (
				97C147061CF9000F007C117D /* Debug */,
				97C147071CF9000F007C117D /* Release */,
				249021D4217E4FDB00AE95B9 /* Profile */,
			);
			defaultConfigurationIsVisible = 0;
			defaultConfigurationName = Release;
		};
/* End XCConfigurationList section */
	};
	rootObject = 97C146E61CF9000F007C117D /* Project object */;
}
