PODS:
  - CardIOSDK (5.5.7)
  - MBBlinkCard (2.7.0)
  - VGSCollectSDK (1.12.0):
    - VGSCollectSDK/Core (= 1.12.0)
  - VGSCollectSDK/BlinkCard (1.12.0):
    - MBBlinkCard (= 2.7.0)
    - VGSCollectSDK/Core
  - VGSCollectSDK/CardIO (1.12.0):
    - CardIOSDK (= 5.5.7)
    - VGSCollectSDK/Core
  - VGSCollectSDK/Core (1.12.0)
  - VGSShowSDK (1.1.4):
    - VGSShowSDK/Core (= 1.1.4)
  - VGSShowSDK/Core (1.1.4)

DEPENDENCIES:
  - VGSCollectSDK (= 1.12.0)
  - VGSCollectSDK/BlinkCard (= 1.12.0)
  - VGSCollectSDK/CardIO (= 1.12.0)
  - VGSShowSDK (= 1.1.4)

SPEC REPOS:
  trunk:
    - CardIOSDK
    - MBBlinkCard
    - VGSCollectSDK
    - VGSShowSDK

SPEC CHECKSUMS:
  CardIOSDK: 56bb14c8c0af19f1c3e1ef36215b6801b68df34c
  MBBlinkCard: 3bcbdc50dc5b1cc359c63b169eefadef5dd05b01
  VGSCollectSDK: 2f04a6943cd97c96e9c954456b900b2edde535a0
  VGSShowSDK: 994bfab4f0774a7ccc7fcf55530f09b8ddd6b6d5

PODFILE CHECKSUM: 068eccfd9d9d72117d70af1c72f7be889df9a7d8

COCOAPODS: 1.11.3
